
Microsoft Visual Studio Solution File, Format Version 12.00
# Visual Studio Version 17
VisualStudioVersion = 17.7.34202.233
MinimumVisualStudioVersion = 10.0.40219.1
Project("{9A19103F-16F7-4668-BE54-9A1E7A4F7556}") = "OpenPraparatHelper", "OpenPraparatHelper\OpenPraparatHelper.csproj", "{B0B7B5D8-AF03-485F-9DB1-D6B5B86243B4}"
EndProject
Project("{9A19103F-16F7-4668-BE54-9A1E7A4F7556}") = "Common", "Common\Common.csproj", "{965B4D3F-5D7E-40B7-8385-1D8DDF173581}"
EndProject
Project("{9A19103F-16F7-4668-BE54-9A1E7A4F7556}") = "CellsFileAccessorLib", "CellsFileAccessor\CellsFileAccessorLib.csproj", "{D261D7C5-19AE-4C54-9926-BE2226DDB327}"
EndProject
Project("{9A19103F-16F7-4668-BE54-9A1E7A4F7556}") = "CellsFileGeneralQuery", "CellsFileGeneralQuery\CellsFileGeneralQuery.csproj", "{CFCDD7F4-67D5-48E7-AAEA-5A81DB2E2E72}"
EndProject
Project("{FAE04EC0-301F-11D3-BF4B-00C04F79EFBC}") = "OutputAnalyzer", "OutputAnalyzer\OutputAnalyzer.csproj", "{A67654DA-E2D5-463C-93C8-BFEE82D1B449}"
EndProject
Global
	GlobalSection(SolutionConfigurationPlatforms) = preSolution
		Debug|Any CPU = Debug|Any CPU
		Release|Any CPU = Release|Any CPU
	EndGlobalSection
	GlobalSection(ProjectConfigurationPlatforms) = postSolution
		{B0B7B5D8-AF03-485F-9DB1-D6B5B86243B4}.Debug|Any CPU.ActiveCfg = Debug|Any CPU
		{B0B7B5D8-AF03-485F-9DB1-D6B5B86243B4}.Debug|Any CPU.Build.0 = Debug|Any CPU
		{B0B7B5D8-AF03-485F-9DB1-D6B5B86243B4}.Release|Any CPU.ActiveCfg = Release|Any CPU
		{B0B7B5D8-AF03-485F-9DB1-D6B5B86243B4}.Release|Any CPU.Build.0 = Release|Any CPU
		{965B4D3F-5D7E-40B7-8385-1D8DDF173581}.Debug|Any CPU.ActiveCfg = Debug|Any CPU
		{965B4D3F-5D7E-40B7-8385-1D8DDF173581}.Debug|Any CPU.Build.0 = Debug|Any CPU
		{965B4D3F-5D7E-40B7-8385-1D8DDF173581}.Release|Any CPU.ActiveCfg = Release|Any CPU
		{965B4D3F-5D7E-40B7-8385-1D8DDF173581}.Release|Any CPU.Build.0 = Release|Any CPU
		{D261D7C5-19AE-4C54-9926-BE2226DDB327}.Debug|Any CPU.ActiveCfg = Debug|Any CPU
		{D261D7C5-19AE-4C54-9926-BE2226DDB327}.Debug|Any CPU.Build.0 = Debug|Any CPU
		{D261D7C5-19AE-4C54-9926-BE2226DDB327}.Release|Any CPU.ActiveCfg = Release|Any CPU
		{D261D7C5-19AE-4C54-9926-BE2226DDB327}.Release|Any CPU.Build.0 = Release|Any CPU
		{CFCDD7F4-67D5-48E7-AAEA-5A81DB2E2E72}.Debug|Any CPU.ActiveCfg = Debug|Any CPU
		{CFCDD7F4-67D5-48E7-AAEA-5A81DB2E2E72}.Debug|Any CPU.Build.0 = Debug|Any CPU
		{CFCDD7F4-67D5-48E7-AAEA-5A81DB2E2E72}.Release|Any CPU.ActiveCfg = Release|Any CPU
		{CFCDD7F4-67D5-48E7-AAEA-5A81DB2E2E72}.Release|Any CPU.Build.0 = Release|Any CPU
		{A67654DA-E2D5-463C-93C8-BFEE82D1B449}.Debug|Any CPU.ActiveCfg = Debug|Any CPU
		{A67654DA-E2D5-463C-93C8-BFEE82D1B449}.Debug|Any CPU.Build.0 = Debug|Any CPU
		{A67654DA-E2D5-463C-93C8-BFEE82D1B449}.Release|Any CPU.ActiveCfg = Release|Any CPU
		{A67654DA-E2D5-463C-93C8-BFEE82D1B449}.Release|Any CPU.Build.0 = Release|Any CPU
	EndGlobalSection
	GlobalSection(SolutionProperties) = preSolution
		HideSolutionNode = FALSE
	EndGlobalSection
	GlobalSection(ExtensibilityGlobals) = postSolution
		SolutionGuid = {FB338A98-D787-4CE2-A26C-2DB40378612B}
	EndGlobalSection
EndGlobal
